ref = "b10995"
commit = "d4365d955488d21688c0a4d8d06bcfd68225ad01"
updated_at = "2026-09-23T08:31:51Z"

[assets.darwin_arm64]
url = "https://github.com/ggml-org/llama.cpp/releases/download/b10995/llama-b10995-bin-macos-arm64.tar.gz"
sha256 = "0fcbc80b076cc866395291cc54897a5ce9c7782e2774af58c89125d58d326105"

[assets.linux_amd64]
url = "https://github.com/ggml-org/llama.cpp/releases/download/b10995/llama-b10995-bin-ubuntu-x64.tar.gz"
sha256 = "44bfcb9df36318853f8f6ad6b588084c7eadf6d79e263e315ad9272dc2fee4ad"
