ref = "b11177"
commit = "1ab7e5ad2d4e7295c94c3b966a3e0b70fa365865"
updated_at = "2026-10-02T09:42:24Z"

[assets.darwin_arm64]
url = "https://github.com/ggml-org/llama.cpp/releases/download/b11177/llama-b11177-bin-macos-arm64.tar.gz"
sha256 = "815f8f3ddc8f57ceb792fed561bd6a6c6bd590578f3ad38604e7f70c49de1ac1"

[assets.linux_amd64]
url = "https://github.com/ggml-org/llama.cpp/releases/download/b11177/llama-b11177-bin-ubuntu-x64.tar.gz"
sha256 = "9e088583293c4c104953ead0dd8957f4e00dca318c7f241c039198e5eb2e2e54"
